
Microsoft Visual Studio Solution File, Format Version 12.00
# Visual Studio Version 17
VisualStudioVersion = 17.10.35013.160
MinimumVisualStudioVersion = 10.0.40219.1
Project("{FAE04EC0-301F-11D3-BF4B-00C04F79EFBC}") = "EF03", "EF03\EF03.csproj", "{66EC25A5-17AB-41BB-B891-9FCC67ABB256}"
EndProject
Global
	GlobalSection(SolutionConfigurationPlatforms) = preSolution
		Debug|Any CPU = Debug|Any CPU
		Release|Any CPU = Release|Any CPU
	EndGlobalSection
	GlobalSection(ProjectConfigurationPlatforms) = postSolution
		{66EC25A5-17AB-41BB-B891-9FCC67ABB256}.Debug|Any CPU.ActiveCfg = Debug|Any CPU
		{66EC25A5-17AB-41BB-B891-9FCC67ABB256}.Debug|Any CPU.Build.0 = Debug|Any CPU
		{66EC25A5-17AB-41BB-B891-9FCC67ABB256}.Release|Any CPU.ActiveCfg = Release|Any CPU
		{66EC25A5-17AB-41BB-B891-9FCC67ABB256}.Release|Any CPU.Build.0 = Release|Any CPU
	EndGlobalSection
	GlobalSection(SolutionProperties) = preSolution
		HideSolutionNode = FALSE
	EndGlobalSection
	GlobalSection(ExtensibilityGlobals) = postSolution
		SolutionGuid = {6C6DA173-E2A6-4FC9-A97D-A521BE9E1AC9}
	EndGlobalSection
EndGlobal
